
Microsoft Visual Studio Solution File, Format Version 12.00
# Visual Studio Version 17
VisualStudioVersion = 17.8.34525.116
MinimumVisualStudioVersion = 10.0.40219.1
Project("{FAE04EC0-301F-11D3-BF4B-00C04F79EFBC}") = "SchoolBus", "SchoolBus\SchoolBus.csproj", "{DCE58A0A-4EE5-404A-B42F-1E3B777769A2}"
EndProject
Global
	GlobalSection(SolutionConfigurationPlatforms) = preSolution
		Debug|Any CPU = Debug|Any CPU
		Release|Any CPU = Release|Any CPU
	EndGlobalSection
	GlobalSection(ProjectConfigurationPlatforms) = postSolution
		{DCE58A0A-4EE5-404A-B42F-1E3B777769A2}.Debug|Any CPU.ActiveCfg = Debug|Any CPU
		{DCE58A0A-4EE5-404A-B42F-1E3B777769A2}.Debug|Any CPU.Build.0 = Debug|Any CPU
		{DCE58A0A-4EE5-404A-B42F-1E3B777769A2}.Release|Any CPU.ActiveCfg = Release|Any CPU
		{DCE58A0A-4EE5-404A-B42F-1E3B777769A2}.Release|Any CPU.Build.0 = Release|Any CPU
	EndGlobalSection
	GlobalSection(SolutionProperties) = preSolution
		HideSolutionNode = FALSE
	EndGlobalSection
	GlobalSection(ExtensibilityGlobals) = postSolution
		SolutionGuid = {7BD6C22A-F4F3-44E9-A04F-31B76BBC2631}
	EndGlobalSection
EndGlobal
